
Microsoft Visual Studio Solution File, Format Version 12.00
# Visual Studio Version 17
VisualStudioVersion = 17.12.35527.113 d17.12
MinimumVisualStudioVersion = 10.0.40219.1
Project("{FAE04EC0-301F-11D3-BF4B-00C04F79EFBC}") = "classasignment 2 4 2025", "classasignment 2 4 2025\classasignment 2 4 2025.csproj", "{52EF8E7E-AD37-4A0E-B81C-8F662F3C406F}"
EndProject
Global
	GlobalSection(SolutionConfigurationPlatforms) = preSolution
		Debug|Any CPU = Debug|Any CPU
		Release|Any CPU = Release|Any CPU
	EndGlobalSection
	GlobalSection(ProjectConfigurationPlatforms) = postSolution
		{52EF8E7E-AD37-4A0E-B81C-8F662F3C406F}.Debug|Any CPU.ActiveCfg = Debug|Any CPU
		{52EF8E7E-AD37-4A0E-B81C-8F662F3C406F}.Debug|Any CPU.Build.0 = Debug|Any CPU
		{52EF8E7E-AD37-4A0E-B81C-8F662F3C406F}.Release|Any CPU.ActiveCfg = Release|Any CPU
		{52EF8E7E-AD37-4A0E-B81C-8F662F3C406F}.Release|Any CPU.Build.0 = Release|Any CPU
	EndGlobalSection
	GlobalSection(SolutionProperties) = preSolution
		HideSolutionNode = FALSE
	EndGlobalSection
EndGlobal
